<Solution>
  <Folder Name="/src/">
    <Project Path="src/Host/SpaceHero.Api.csproj" />
    <Project Path="src/BuildingBlocks/SpaceHero.BuildingBlocks.csproj" />
    <Project Path="src/Persistence/SpaceHero.Persistence.csproj" />
  </Folder>
  <Folder Name="/src/Modules/Example/">
    <Project Path="src/Modules/Example/Domain/SpaceHero.Modules.Example.Domain.csproj" />
    <Project Path="src/Modules/Example/Application/SpaceHero.Modules.Example.Application.csproj" />
    <Project Path="src/Modules/Example/Contracts/SpaceHero.Modules.Example.Contracts.csproj" />
    <Project Path="src/Modules/Example/Infrastructure/SpaceHero.Modules.Example.Infrastructure.csproj" />
  </Folder>
  <Folder Name="/tests/">
    <Project Path="tests/Unit/SpaceHero.Api.UnitTests.csproj" />
    <Project Path="tests/Architecture/SpaceHero.Api.ArchitectureTests.csproj" />
    <Project Path="tests/Integration/SpaceHero.Api.IntegrationTests.csproj" />
  </Folder>
</Solution>
